
Microsoft Visual Studio Solution File, Format Version 12.00
# Visual Studio 15
VisualStudioVersion = 15.0.28307.168
MinimumVisualStudioVersion = 10.0.40219.1
Project("{FAE04EC0-301F-11D3-BF4B-00C04F79EFBC}") = "Chapter1", "Chapter1\Chapter1.csproj", "{F9DA4F33-8A64-472E-91BD-F109FD844DEE}"
EndProject
Global
	GlobalSection(SolutionConfigurationPlatforms) = preSolution
		Debug|Any CPU = Debug|Any CPU
		Release|Any CPU = Release|Any CPU
	EndGlobalSection
	GlobalSection(ProjectConfigurationPlatforms) = postSolution
		{F9DA4F33-8A64-472E-91BD-F109FD844DEE}.Debug|Any CPU.ActiveCfg = Debug|Any CPU
		{F9DA4F33-8A64-472E-91BD-F109FD844DEE}.Debug|Any CPU.Build.0 = Debug|Any CPU
		{F9DA4F33-8A64-472E-91BD-F109FD844DEE}.Release|Any CPU.ActiveCfg = Release|Any CPU
		{F9DA4F33-8A64-472E-91BD-F109FD844DEE}.Release|Any CPU.Build.0 = Release|Any CPU
	EndGlobalSection
	GlobalSection(SolutionProperties) = preSolution
		HideSolutionNode = FALSE
	EndGlobalSection
	GlobalSection(ExtensibilityGlobals) = postSolution
		SolutionGuid = {D4BF8AE7-D824-4DF5-90B8-BE6C637EB036}
	EndGlobalSection
EndGlobal
